PODS:
  - FlutterMacOS (1.0.0)
  - streaming_sound (0.0.1):
    - FlutterMacOS

DEPENDENCIES:
  - FlutterMacOS (from `Flutter/ephemeral`)
  - streaming_sound (from `Flutter/ephemeral/.symlinks/plugins/streaming_sound/macos`)

EXTERNAL SOURCES:
  FlutterMacOS:
    :path: Flutter/ephemeral
  streaming_sound:
    :path: Flutter/ephemeral/.symlinks/plugins/streaming_sound/macos

SPEC CHECKSUMS:
  FlutterMacOS: 8f6f14fa908a6fb3fba0cd85dbd81ec4b251fb24
  streaming_sound: 0d26f13d9d13a627c1ee157cf8b0b998f8a0f7b6

PODFILE CHECKSUM: 7eb978b976557c8c1cd717d8185ec483fd090a82

COCOAPODS: 1.15.2
